
Microsoft Visual Studio Solution File, Format Version 12.00
# Visual Studio 15
VisualStudioVersion = 15.0.28307.168
MinimumVisualStudioVersion = 10.0.40219.1
Project("{FAE04EC0-301F-11D3-BF4B-00C04F79EFBC}") = "NexCreator", "NexCreator\NexCreator.csproj", "{31FB65F0-7086-4235-A36A-D98A857C8AD4}"
EndProject
Global
	GlobalSection(SolutionConfigurationPlatforms) = preSolution
		Debug|Any CPU = Debug|Any CPU
		Release|Any CPU = Release|Any CPU
	EndGlobalSection
	GlobalSection(ProjectConfigurationPlatforms) = postSolution
		{31FB65F0-7086-4235-A36A-D98A857C8AD4}.Debug|Any CPU.ActiveCfg = Debug|Any CPU
		{31FB65F0-7086-4235-A36A-D98A857C8AD4}.Debug|Any CPU.Build.0 = Debug|Any CPU
		{31FB65F0-7086-4235-A36A-D98A857C8AD4}.Release|Any CPU.ActiveCfg = Release|Any CPU
		{31FB65F0-7086-4235-A36A-D98A857C8AD4}.Release|Any CPU.Build.0 = Release|Any CPU
	EndGlobalSection
	GlobalSection(SolutionProperties) = preSolution
		HideSolutionNode = FALSE
	EndGlobalSection
	GlobalSection(ExtensibilityGlobals) = postSolution
		SolutionGuid = {BF77E709-4E8A-42F8-90D4-F73C3FC74F4D}
	EndGlobalSection
EndGlobal
